Microsoft Visual Studio Solution File, Format Version 12.00
# Visual Studio Version 17
VisualStudioVersion = 17.5.2.0
MinimumVisualStudioVersion = 10.0.40219.1
Project("{FAE04EC0-301F-11D3-BF4B-00C04F79EFBC}") = "08_gestion_de_parking", "08_gestion_de_parking.csproj", "{40FB82A9-22EB-4EC8-C756-5EF8AA37250E}"
EndProject
Global
	GlobalSection(SolutionConfigurationPlatforms) = preSolution
		Debug|Any CPU = Debug|Any CPU
		Release|Any CPU = Release|Any CPU
	EndGlobalSection
	GlobalSection(ProjectConfigurationPlatforms) = postSolution
		{40FB82A9-22EB-4EC8-C756-5EF8AA37250E}.Debug|Any CPU.ActiveCfg = Debug|Any CPU
		{40FB82A9-22EB-4EC8-C756-5EF8AA37250E}.Debug|Any CPU.Build.0 = Debug|Any CPU
		{40FB82A9-22EB-4EC8-C756-5EF8AA37250E}.Release|Any CPU.ActiveCfg = Release|Any CPU
		{40FB82A9-22EB-4EC8-C756-5EF8AA37250E}.Release|Any CPU.Build.0 = Release|Any CPU
	EndGlobalSection
	GlobalSection(SolutionProperties) = preSolution
		HideSolutionNode = FALSE
	EndGlobalSection
	GlobalSection(ExtensibilityGlobals) = postSolution
		SolutionGuid = {6FCB1BF4-D73C-4333-B066-7290BAEA02B9}
	EndGlobalSection
EndGlobal
